
Microsoft Visual Studio Solution File, Format Version 11.00
# Visual Studio 2010
Project("{8BC9CEB8-8B4A-11D0-8D11-00A0C91BC942}") = "ready", "ready\ready.vcxproj", "{BCB56E8C-C122-4ACE-9DAD-A7C5D4AE4F10}"
EndProject
Global
	GlobalSection(SolutionConfigurationPlatforms) = preSolution
		Debug|Win32 = Debug|Win32
		Release|Win32 = Release|Win32
	EndGlobalSection
	GlobalSection(ProjectConfigurationPlatforms) = postSolution
		{BCB56E8C-C122-4ACE-9DAD-A7C5D4AE4F10}.Debug|Win32.ActiveCfg = Debug|Win32
		{BCB56E8C-C122-4ACE-9DAD-A7C5D4AE4F10}.Debug|Win32.Build.0 = Debug|Win32
		{BCB56E8C-C122-4ACE-9DAD-A7C5D4AE4F10}.Release|Win32.ActiveCfg = Release|Win32
		{BCB56E8C-C122-4ACE-9DAD-A7C5D4AE4F10}.Release|Win32.Build.0 = Release|Win32
	EndGlobalSection
	GlobalSection(SolutionProperties) = preSolution
		HideSolutionNode = FALSE
	EndGlobalSection
EndGlobal
